
Microsoft Visual Studio Solution File, Format Version 12.00
# Visual Studio 15
VisualStudioVersion = 15.0.28010.2048
MinimumVisualStudioVersion = 10.0.40219.1
Project("{FAE04EC0-301F-11D3-BF4B-00C04F79EFBC}") = "oyun", "oyun\oyun.csproj", "{7D7B8EF5-23C4-4A3E-80C1-418B165F7EAD}"
EndProject
Global
	GlobalSection(SolutionConfigurationPlatforms) = preSolution
		Debug|Any CPU = Debug|Any CPU
		Release|Any CPU = Release|Any CPU
	EndGlobalSection
	GlobalSection(ProjectConfigurationPlatforms) = postSolution
		{7D7B8EF5-23C4-4A3E-80C1-418B165F7EAD}.Debug|Any CPU.ActiveCfg = Debug|Any CPU
		{7D7B8EF5-23C4-4A3E-80C1-418B165F7EAD}.Debug|Any CPU.Build.0 = Debug|Any CPU
		{7D7B8EF5-23C4-4A3E-80C1-418B165F7EAD}.Release|Any CPU.ActiveCfg = Release|Any CPU
		{7D7B8EF5-23C4-4A3E-80C1-418B165F7EAD}.Release|Any CPU.Build.0 = Release|Any CPU
	EndGlobalSection
	GlobalSection(SolutionProperties) = preSolution
		HideSolutionNode = FALSE
	EndGlobalSection
	GlobalSection(ExtensibilityGlobals) = postSolution
		SolutionGuid = {9293AE34-454F-4AEC-9942-B64378FE0122}
	EndGlobalSection
EndGlobal
